Microsoft Visual Studio Solution File, Format Version 12.00
# Visual Studio Version 17
VisualStudioVersion = 17.5.2.0
MinimumVisualStudioVersion = 10.0.40219.1
Project("{2150E333-8FDC-42A3-9474-1A3956D46DE8}") = "src", "src", "{827E0CD3-B72D-47B6-A68D-7590B98EB39B}"
EndProject
Project("{FAE04EC0-301F-11D3-BF4B-00C04F79EFBC}") = "Karaca.Wms.Api", "src\Karaca.Wms.Api\Karaca.Wms.Api.csproj", "{6865C2B2-092C-83CA-891C-ED980E4EABD9}"
EndProject
Global
	GlobalSection(SolutionConfigurationPlatforms) = preSolution
		Debug|Any CPU = Debug|Any CPU
		Release|Any CPU = Release|Any CPU
	EndGlobalSection
	GlobalSection(ProjectConfigurationPlatforms) = postSolution
		{6865C2B2-092C-83CA-891C-ED980E4EABD9}.Debug|Any CPU.ActiveCfg = Debug|Any CPU
		{6865C2B2-092C-83CA-891C-ED980E4EABD9}.Debug|Any CPU.Build.0 = Debug|Any CPU
		{6865C2B2-092C-83CA-891C-ED980E4EABD9}.Release|Any CPU.ActiveCfg = Release|Any CPU
		{6865C2B2-092C-83CA-891C-ED980E4EABD9}.Release|Any CPU.Build.0 = Release|Any CPU
	EndGlobalSection
	GlobalSection(SolutionProperties) = preSolution
		HideSolutionNode = FALSE
	EndGlobalSection
	GlobalSection(NestedProjects) = preSolution
		{6865C2B2-092C-83CA-891C-ED980E4EABD9} = {827E0CD3-B72D-47B6-A68D-7590B98EB39B}
	EndGlobalSection
	GlobalSection(ExtensibilityGlobals) = postSolution
		SolutionGuid = {66ABCF35-ADD3-4A37-8BB0-64C1F4C7E317}
	EndGlobalSection
EndGlobal
